// !$*UTF8*$!
{
	archiveVersion = 1;
	classes = {
	};
	objectVersion = 46;
	objects = {

/* Begin PBXBuildFile section */
		19938EB91D40907300C5AAB5 /* AppDelegate.swift in Sources */ = {isa = PBXBuildFile; fileRef = 19938EB81D40907300C5AAB5 /* AppDelegate.swift */; };
		19938EBB1D40907300C5AAB5 /* ViewController.swift in Sources */ = {isa = PBXBuildFile; fileRef = 19938EBA1D40907300C5AAB5 /* ViewController.swift */; };
		19938EBE1D40907300C5AAB5 /* Main.storyboard in Resources */ = {isa = PBXBuildFile; fileRef = 19938EBC1D40907300C5AAB5 /* Main.storyboard */; };
		19938EC01D40907300C5AAB5 /* Assets.xcassets in Resources */ = {isa = PBXBuildFile; fileRef = 19938EBF1D40907300C5AAB5 /* Assets.xcassets */; };
		19938EC31D40907300C5AAB5 /* LaunchScreen.storyboard in Resources */ = {isa = PBXBuildFile; fileRef = 19938EC11D40907300C5AAB5 /* LaunchScreen.storyboard */; };
		19938ECE1D40907300C5AAB5 /* sampleTextFieldTests.swift in Sources */ = {isa = PBXBuildFile; fileRef = 19938ECD1D40907300C5AAB5 /* sampleTextFieldTests.swift */; };
		19938ED91D40907300C5AAB5 /* sampleTextFieldUITests.swift in Sources */ = {isa = PBXBuildFile; fileRef = 19938ED81D40907300C5AAB5 /* sampleTextFieldUITests.swift */; };
/* End PBXBuildFile section */

/* Begin PBXContainerItemProxy section */
		19938ECA1D40907300C5AAB5 /* PBXContainerItemProxy */ = {
			isa = PBXContainerItemProxy;
			containerPortal = 19938EAD1D40907300C5AAB5 /* Project object */;
			proxyType = 1;
			remoteGlobalIDString = 19938EB41D40907300C5AAB5;
			remoteInfo = sampleTextField;
		};
		19938ED51D40907300C5AAB5 /* PBXContainerItemProxy */ = {
			isa = PBXContainerItemProxy;
			containerPortal = 19938EAD1D40907300C5AAB5 /* Project object */;
			proxyType = 1;
			remoteGlobalIDString = 19938EB41D40907300C5AAB5;
			remoteInfo = sampleTextField;
		};
/* End PBXContainerItemProxy section */

/* Begin PBXFileReference section */
		19938EB51D40907300C5AAB5 /* sampleTextField.app */ = {isa = PBXFileReference; explicitFileType = wrapper.application; includeInIndex = 0; path = sampleTextField.app; sourceTree = BUILT_PRODUCTS_DIR; };
		19938EB81D40907300C5AAB5 /* AppDelegate.swift */ = {isa = PBXFileReference; lastKnownFileType = sourcecode.swift; path = AppDelegate.swift; sourceTree = "<group>"; };
		19938EBA1D40907300C5AAB5 /* ViewController.swift */ = {isa = PBXFileReference; lastKnownFileType = sourcecode.swift; path = ViewController.swift; sourceTree = "<group>"; };
		19938EBD1D40907300C5AAB5 /* Base */ = {isa = PBXFileReference; lastKnownFileType = file.storyboard; name = Base; path = Base.lproj/Main.storyboard; sourceTree = "<group>"; };
		19938EBF1D40907300C5AAB5 /* Assets.xcassets */ = {isa = PBXFileReference; lastKnownFileType = folder.assetcatalog; path = Assets.xcassets; sourceTree = "<group>"; };
		19938EC21D40907300C5AAB5 /* Base */ = {isa = PBXFileReference; lastKnownFileType = file.storyboard; name = Base; path = Base.lproj/LaunchScreen.storyboard; sourceTree = "<group>"; };
		19938EC41D40907300C5AAB5 /* Info.plist */ = {isa = PBXFileReference; lastKnownFileType = text.plist.xml; path = Info.plist; sourceTree = "<group>"; };
		19938EC91D40907300C5AAB5 /* sampleTextFieldTests.xctest */ = {isa = PBXFileReference; explicitFileType = wrapper.cfbundle; includeInIndex = 0; path = sampleTextFieldTests.xctest; sourceTree = BUILT_PRODUCTS_DIR; };
		19938ECD1D40907300C5AAB5 /* sampleTextFieldTests.swift */ = {isa = PBXFileReference; lastKnownFileType = sourcecode.swift; path = sampleTextFieldTests.swift; sourceTree = "<group>"; };
		19938ECF1D40907300C5AAB5 /* Info.plist */ = {isa = PBXFileReference; lastKnownFileType = text.plist.xml; path = Info.plist; sourceTree = "<group>"; };
		19938ED41D40907300C5AAB5 /* sampleTextFieldUITests.xctest */ = {isa = PBXFileReference; explicitFileType = wrapper.cfbundle; includeInIndex = 0; path = sampleTextFieldUITests.xctest; sourceTree = BUILT_PRODUCTS_DIR; };
		19938ED81D40907300C5AAB5 /* sampleTextFieldUITests.swift */ = {isa = PBXFileReference; lastKnownFileType = sourcecode.swift; path = sampleTextFieldUITests.swift; sourceTree = "<group>"; };
		19938EDA1D40907300C5AAB5 /* Info.plist */ = {isa = PBXFileReference; lastKnownFileType = text.plist.xml; path = Info.plist; sourceTree = "<group>"; };
/* End PBXFileReference section */

/* Begin PBXFrameworksBuildPhase section */
		19938EB21D40907300C5AAB5 /* Frameworks */ = {
			isa = PBXFrameworksBuildPhase;
			buildActionMask = 2147483647;
			files = (
			);
			runOnlyForDeploymentPostprocessing = 0;
		};
		19938EC61D40907300C5AAB5 /* Frameworks */ = {
			isa = PBXFrameworksBuildPhase;
			buildActionMask = 2147483647;
			files = (
			);
			runOnlyForDeploymentPostprocessing = 0;
		};
		19938ED11D40907300C5AAB5 /* Frameworks */ = {
			isa = PBXFrameworksBuildPhase;
			buildActionMask = 2147483647;
			files = (
			);
			runOnlyForDeploymentPostprocessing = 0;
		};
/* End PBXFrameworksBuildPhase section */

/* Begin PBXGroup section */
		19938EAC1D40907300C5AAB5 = {
			isa = PBXGroup;
			children = (
				19938EB71D40907300C5AAB5 /* sampleTextField */,
				19938ECC1D40907300C5AAB5 /* sampleTextFieldTests */,
				19938ED71D40907300C5AAB5 /* sampleTextFieldUITests */,
				19938EB61D40907300C5AAB5 /* Products */,
			);
			sourceTree = "<group>";
		};
		19938EB61D40907300C5AAB5 /* Products */ = {
			isa = PBXGroup;
			children = (
				19938EB51D40907300C5AAB5 /* sampleTextField.app */,
				19938EC91D40907300C5AAB5 /* sampleTextFieldTests.xctest */,
				19938ED41D40907300C5AAB5 /* sampleTextFieldUITests.xctest */,
			);
			name = Products;
			sourceTree = "<group>";
		};
		19938EB71D40907300C5AAB5 /* sampleTextField */ = {
			isa = PBXGroup;
			children = (
				19938EB81D40907300C5AAB5 /* AppDelegate.swift */,
				19938EBA1D40907300C5AAB5 /* ViewController.swift */,
				19938EBC1D40907300C5AAB5 /* Main.storyboard */,
				19938EBF1D40907300C5AAB5 /* Assets.xcassets */,
				19938EC11D40907300C5AAB5 /* LaunchScreen.storyboard */,
				19938EC41D40907300C5AAB5 /* Info.plist */,
			);
			path = sampleTextField;
			sourceTree = "<group>";
		};
		19938ECC1D40907300C5AAB5 /* sampleTextFieldTests */ = {
			isa = PBXGroup;
			children = (
				19938ECD1D40907300C5AAB5 /* sampleTextFieldTests.swift */,
				19938ECF1D40907300C5AAB5 /* Info.plist */,
			);
			path = sampleTextFieldTests;
			sourceTree = "<group>";
		};
		19938ED71D40907300C5AAB5 /* sampleTextFieldUITests */ = {
			isa = PBXGroup;
			children = (
				19938ED81D40907300C5AAB5 /* sampleTextFieldUITests.swift */,
				19938EDA1D40907300C5AAB5 /* Info.plist */,
			);
			path = sampleTextFieldUITests;
			sourceTree = "<group>";
		};
/* End PBXGroup section */

/* Begin PBXNativeTarget section */
		19938EB41D40907300C5AAB5 /* sampleTextField */ = {
			isa = PBXNativeTarget;
			buildConfigurationList = 19938EDD1D40907300C5AAB5 /* Build configuration list for PBXNativeTarget "sampleTextField" */;
			buildPhases = (
				19938EB11D40907300C5AAB5 /* Sources */,
				19938EB21D40907300C5AAB5 /* Frameworks */,
				19938EB31D40907300C5AAB5 /* Resources */,
			);
			buildRules = (
			);
			dependencies = (
			);
			name = sampleTextField;
			productName = sampleTextField;
			productReference = 19938EB51D40907300C5AAB5 /* sampleTextField.app */;
			productType = "com.apple.product-type.application";
		};
		19938EC81D40907300C5AAB5 /* sampleTextFieldTests */ = {
			isa = PBXNativeTarget;
			buildConfigurationList = 19938EE01D40907300C5AAB5 /* Build configuration list for PBXNativeTarget "sampleTextFieldTests" */;
			buildPhases = (
				19938EC51D40907300C5AAB5 /* Sources */,
				19938EC61D40907300C5AAB5 /* Frameworks */,
				19938EC71D40907300C5AAB5 /* Resources */,
			);
			buildRules = (
			);
			dependencies = (
				19938ECB1D40907300C5AAB5 /* PBXTargetDependency */,
			);
			name = sampleTextFieldTests;
			productName = sampleTextFieldTests;
			productReference = 19938EC91D40907300C5AAB5 /* sampleTextFieldTests.xctest */;
			productType = "com.apple.product-type.bundle.unit-test";
		};
		19938ED31D40907300C5AAB5 /* sampleTextFieldUITests */ = {
			isa = PBXNativeTarget;
			buildConfigurationList = 19938EE31D40907300C5AAB5 /* Build configuration list for PBXNativeTarget "sampleTextFieldUITests" */;
			buildPhases = (
				19938ED01D40907300C5AAB5 /* Sources */,
				19938ED11D40907300C5AAB5 /* Frameworks */,
				19938ED21D40907300C5AAB5 /* Resources */,
			);
			buildRules = (
			);
			dependencies = (
				19938ED61D40907300C5AAB5 /* PBXTargetDependency */,
			);
			name = sampleTextFieldUITests;
			productName = sampleTextFieldUITests;
			productReference = 19938ED41D40907300C5AAB5 /* sampleTextFieldUITests.xctest */;
			productType = "com.apple.product-type.bundle.ui-testing";
		};
/* End PBXNativeTarget section */

/* Begin PBXProject section */
		19938EAD1D40907300C5AAB5 /* Project object */ = {
			isa = PBXProject;
			attributes = {
				LastSwiftUpdateCheck = 0730;
				LastUpgradeCheck = 0730;
				ORGANIZATIONNAME = "Eriko Ichinohe";
				TargetAttributes = {
					19938EB41D40907300C5AAB5 = {
						CreatedOnToolsVersion = 7.3.1;
					};
					19938EC81D40907300C5AAB5 = {
						CreatedOnToolsVersion = 7.3.1;
						TestTargetID = 19938EB41D40907300C5AAB5;
					};
					19938ED31D40907300C5AAB5 = {
						CreatedOnToolsVersion = 7.3.1;
						TestTargetID = 19938EB41D40907300C5AAB5;
					};
				};
			};
			buildConfigurationList = 19938EB01D40907300C5AAB5 /* Build configuration list for PBXProject "sampleTextField" */;
			compatibilityVersion = "Xcode 3.2";
			developmentRegion = English;
			hasScannedForEncodings = 0;
			knownRegions = (
				en,
				Base,
			);
			mainGroup = 19938EAC1D40907300C5AAB5;
			productRefGroup = 19938EB61D40907300C5AAB5 /* Products */;
			projectDirPath = "";
			projectRoot = "";
			targets = (
				19938EB41D40907300C5AAB5 /* sampleTextField */,
				19938EC81D40907300C5AAB5 /* sampleTextFieldTests */,
				19938ED31D40907300C5AAB5 /* sampleTextFieldUITests */,
			);
		};
/* End PBXProject section */

/* Begin PBXResourcesBuildPhase section */
		19938EB31D40907300C5AAB5 /* Resources */ = {
			isa = PBXResourcesBuildPhase;
			buildActionMask = 2147483647;
			files = (
				19938EC31D40907300C5AAB5 /* LaunchScreen.storyboard in Resources */,
				19938EC01D40907300C5AAB5 /* Assets.xcassets in Resources */,
				19938EBE1D40907300C5AAB5 /* Main.storyboard in Resources */,
			);
			runOnlyForDeploymentPostprocessing = 0;
		};
		19938EC71D40907300C5AAB5 /* Resources */ = {
			isa = PBXResourcesBuildPhase;
			buildActionMask = 2147483647;
			files = (
			);
			runOnlyForDeploymentPostprocessing = 0;
		};
		19938ED21D40907300C5AAB5 /* Resources */ = {
			isa = PBXResourcesBuildPhase;
			buildActionMask = 2147483647;
			files = (
			);
			runOnlyForDeploymentPostprocessing = 0;
		};
/* End PBXResourcesBuildPhase section */

/* Begin PBXSourcesBuildPhase section */
		19938EB11D40907300C5AAB5 /* Sources */ = {
			isa = PBXSourcesBuildPhase;
			buildActionMask = 2147483647;
			files = (
				19938EBB1D40907300C5AAB5 /* ViewController.swift in Sources */,
				19938EB91D40907300C5AAB5 /* AppDelegate.swift in Sources */,
			);
			runOnlyForDeploymentPostprocessing = 0;
		};
		19938EC51D40907300C5AAB5 /* Sources */ = {
			isa = PBXSourcesBuildPhase;
			buildActionMask = 2147483647;
			files = (
				19938ECE1D40907300C5AAB5 /* sampleTextFieldTests.swift in Sources */,
			);
			runOnlyForDeploymentPostprocessing = 0;
		};
		19938ED01D40907300C5AAB5 /* Sources */ = {
			isa = PBXSourcesBuildPhase;
			buildActionMask = 2147483647;
			files = (
				19938ED91D40907300C5AAB5 /* sampleTextFieldUITests.swift in Sources */,
			);
			runOnlyForDeploymentPostprocessing = 0;
		};
/* End PBXSourcesBuildPhase section */

/* Begin PBXTargetDependency section */
		19938ECB1D40907300C5AAB5 /* PBXTargetDependency */ = {
			isa = PBXTargetDependency;
			target = 19938EB41D40907300C5AAB5 /* sampleTextField */;
			targetProxy = 19938ECA1D40907300C5AAB5 /* PBXContainerItemProxy */;
		};
		19938ED61D40907300C5AAB5 /* PBXTargetDependency */ = {
			isa = PBXTargetDependency;
			target = 19938EB41D40907300C5AAB5 /* sampleTextField */;
			targetProxy = 19938ED51D40907300C5AAB5 /* PBXContainerItemProxy */;
		};
/* End PBXTargetDependency section */

/* Begin PBXVariantGroup section */
		19938EBC1D40907300C5AAB5 /* Main.storyboard */ = {
			isa = PBXVariantGroup;
			children = (
				19938EBD1D40907300C5AAB5 /* Base */,
			);
			name = Main.storyboard;
			sourceTree = "<group>";
		};
		19938EC11D40907300C5AAB5 /* LaunchScreen.storyboard */ = {
			isa = PBXVariantGroup;
			children = (
				19938EC21D40907300C5AAB5 /* Base */,
			);
			name = LaunchScreen.storyboard;
			sourceTree = "<group>";
		};
/* End PBXVariantGroup section */

/* Begin XCBuildConfiguration section */
		19938EDB1D40907300C5AAB5 /* Debug */ = {
			isa = XCBuildConfiguration;
			buildSettings = {
				ALWAYS_SEARCH_USER_PATHS = NO;
				CLANG_ANALYZER_NONNULL = YES;
				CLANG_CXX_LANGUAGE_STANDARD = "gnu++0x";
				CLANG_CXX_LIBRARY = "libc++";
				CLANG_ENABLE_MODULES = YES;
				CLANG_ENABLE_OBJC_ARC = YES;
				CLANG_WARN_BOOL_CONVERSION = YES;
				CLANG_WARN_CONSTANT_CONVERSION = YES;
				CLANG_WARN_DIRECT_OBJC_ISA_USAGE = YES_ERROR;
				CLANG_WARN_EMPTY_BODY = YES;
				CLANG_WARN_ENUM_CONVERSION = YES;
				CLANG_WARN_INT_CONVERSION = YES;
				CLANG_WARN_OBJC_ROOT_CLASS = YES_ERROR;
				CLANG_WARN_UNREACHABLE_CODE = YES;
				CLANG_WARN__DUPLICATE_METHOD_MATCH = YES;
				"CODE_SIGN_IDENTITY[sdk=iphoneos*]" = "iPhone Developer";
				COPY_PHASE_STRIP = NO;
				DEBUG_INFORMATION_FORMAT = dwarf;
				ENABLE_STRICT_OBJC_MSGSEND = YES;
				ENABLE_TESTABILITY = YES;
				GCC_C_LANGUAGE_STANDARD = gnu99;
				GCC_DYNAMIC_NO_PIC = NO;
				GCC_NO_COMMON_BLOCKS = YES;
				GCC_OPTIMIZATION_LEVEL = 0;
				GCC_PREPROCESSOR_DEFINITIONS = (
					"DEBUG=1",
					"$(inherited)",
				);
				GCC_WARN_64_TO_32_BIT_CONVERSION = YES;
				GCC_WARN_ABOUT_RETURN_TYPE = YES_ERROR;
				GCC_WARN_UNDECLARED_SELECTOR = YES;
				GCC_WARN_UNINITIALIZED_AUTOS = YES_AGGRESSIVE;
				GCC_WARN_UNUSED_FUNCTION = YES;
				GCC_WARN_UNUSED_VARIABLE = YES;
				IPHONEOS_DEPLOYMENT_TARGET = 9.3;
				MTL_ENABLE_DEBUG_INFO = YES;
				ONLY_ACTIVE_ARCH = YES;
				SDKROOT = iphoneos;
				SWIFT_OPTIMIZATION_LEVEL = "-Onone";
				TARGETED_DEVICE_FAMILY = "1,2";
			};
			name = Debug;
		};
		19938EDC1D40907300C5AAB5 /* Release */ = {
			isa = XCBuildConfiguration;
			buildSettings = {
				ALWAYS_SEARCH_USER_PATHS = NO;
				CLANG_ANALYZER_NONNULL = YES;
				CLANG_CXX_LANGUAGE_STANDARD = "gnu++0x";
				CLANG_CXX_LIBRARY = "libc++";
				CLANG_ENABLE_MODULES = YES;
				CLANG_ENABLE_OBJC_ARC = YES;
				CLANG_WARN_BOOL_CONVERSION = YES;
				CLANG_WARN_CONSTANT_CONVERSION = YES;
				CLANG_WARN_DIRECT_OBJC_ISA_USAGE = YES_ERROR;
				CLANG_WARN_EMPTY_BODY = YES;
				CLANG_WARN_ENUM_CONVERSION = YES;
				CLANG_WARN_INT_CONVERSION = YES;
				CLANG_WARN_OBJC_ROOT_CLASS = YES_ERROR;
				CLANG_WARN_UNREACHABLE_CODE = YES;
				CLANG_WARN__DUPLICATE_METHOD_MATCH = YES;
				"CODE_SIGN_IDENTITY[sdk=iphoneos*]" = "iPhone Developer";
				COPY_PHASE_STRIP = NO;
				DEBUG_INFORMATION_FORMAT = "dwarf-with-dsym";
				ENABLE_NS_ASSERTIONS = NO;
				ENABLE_STRICT_OBJC_MSGSEND = YES;
				GCC_C_LANGUAGE_STANDARD = gnu99;
				GCC_NO_COMMON_BLOCKS = YES;
				GCC_WARN_64_TO_32_BIT_CONVERSION = YES;
				GCC_WARN_ABOUT_RETURN_TYPE = YES_ERROR;
				GCC_WARN_UNDECLARED_SELECTOR = YES;
				GCC_WARN_UNINITIALIZED_AUTOS = YES_AGGRESSIVE;
				GCC_WARN_UNUSED_FUNCTION = YES;
				GCC_WARN_UNUSED_VARIABLE = YES;
				IPHONEOS_DEPLOYMENT_TARGET = 9.3;
				MTL_ENABLE_DEBUG_INFO = NO;
				SDKROOT = iphoneos;
				TARGETED_DEVICE_FAMILY = "1,2";
				VALIDATE_PRODUCT = YES;
			};
			name = Release;
		};
		19938EDE1D40907300C5AAB5 /* Debug */ = {
			isa = XCBuildConfiguration;
			buildSettings = {
				ASSETCATALOG_COMPILER_APPICON_NAME = AppIcon;
				INFOPLIST_FILE = sampleTextField/Info.plist;
				LD_RUNPATH_SEARCH_PATHS = "$(inherited) @executable_path/Frameworks";
				PRODUCT_BUNDLE_IDENTIFIER = com.erikoichinohe.sampleTextField;
				PRODUCT_NAME = "$(TARGET_NAME)";
			};
			name = Debug;
		};
		19938EDF1D40907300C5AAB5 /* Release */ = {
			isa = XCBuildConfiguration;
			buildSettings = {
				ASSETCATALOG_COMPILER_APPICON_NAME = AppIcon;
				INFOPLIST_FILE = sampleTextField/Info.plist;
				LD_RUNPATH_SEARCH_PATHS = "$(inherited) @executable_path/Frameworks";
				PRODUCT_BUNDLE_IDENTIFIER = com.erikoichinohe.sampleTextField;
				PRODUCT_NAME = "$(TARGET_NAME)";
			};
			name = Release;
		};
		19938EE11D40907300C5AAB5 /* Debug */ = {
			isa = XCBuildConfiguration;
			buildSettings = {
				BUNDLE_LOADER = "$(TEST_HOST)";
				INFOPLIST_FILE = sampleTextFieldTests/Info.plist;
				LD_RUNPATH_SEARCH_PATHS = "$(inherited) @executable_path/Frameworks @loader_path/Frameworks";
				PRODUCT_BUNDLE_IDENTIFIER = com.erikoichinohe.sampleTextFieldTests;
				PRODUCT_NAME = "$(TARGET_NAME)";
				TEST_HOST = "$(BUILT_PRODUCTS_DIR)/sampleTextField.app/sampleTextField";
			};
			name = Debug;
		};
		19938EE21D40907300C5AAB5 /* Release */ = {
			isa = XCBuildConfiguration;
			buildSettings = {
				BUNDLE_LOADER = "$(TEST_HOST)";
				INFOPLIST_FILE = sampleTextFieldTests/Info.plist;
				LD_RUNPATH_SEARCH_PATHS = "$(inherited) @executable_path/Frameworks @loader_path/Frameworks";
				PRODUCT_BUNDLE_IDENTIFIER = com.erikoichinohe.sampleTextFieldTests;
				PRODUCT_NAME = "$(TARGET_NAME)";
				TEST_HOST = "$(BUILT_PRODUCTS_DIR)/sampleTextField.app/sampleTextField";
			};
			name = Release;
		};
		19938EE41D40907300C5AAB5 /* Debug */ = {
			isa = XCBuildConfiguration;
			buildSettings = {
				INFOPLIST_FILE = sampleTextFieldUITests/Info.plist;
				LD_RUNPATH_SEARCH_PATHS = "$(inherited) @executable_path/Frameworks @loader_path/Frameworks";
				PRODUCT_BUNDLE_IDENTIFIER = com.erikoichinohe.sampleTextFieldUITests;
				PRODUCT_NAME = "$(TARGET_NAME)";
				TEST_TARGET_NAME = sampleTextField;
			};
			name = Debug;
		};
		19938EE51D40907300C5AAB5 /* Release */ = {
			isa = XCBuildConfiguration;
			buildSettings = {
				INFOPLIST_FILE = sampleTextFieldUITests/Info.plist;
				LD_RUNPATH_SEARCH_PATHS = "$(inherited) @executable_path/Frameworks @loader_path/Frameworks";
				PRODUCT_BUNDLE_IDENTIFIER = com.erikoichinohe.sampleTextFieldUITests;
				PRODUCT_NAME = "$(TARGET_NAME)";
				TEST_TARGET_NAME = sampleTextField;
			};
			name = Release;
		};
/* End XCBuildConfiguration section */

/* Begin XCConfigurationList section */
		19938EB01D40907300C5AAB5 /* Build configuration list for PBXProject "sampleTextField" */ = {
			isa = XCConfigurationList;
			buildConfigurations = (
				19938EDB1D40907300C5AAB5 /* Debug */,
				19938EDC1D40907300C5AAB5 /* Release */,
			);
			defaultConfigurationIsVisible = 0;
			defaultConfigurationName = Release;
		};
		19938EDD1D40907300C5AAB5 /* Build configuration list for PBXNativeTarget "sampleTextField" */ = {
			isa = XCConfigurationList;
			buildConfigurations = (
				19938EDE1D40907300C5AAB5 /* Debug */,
				19938EDF1D40907300C5AAB5 /* Release */,
			);
			defaultConfigurationIsVisible = 0;
		};
		19938EE01D40907300C5AAB5 /* Build configuration list for PBXNativeTarget "sampleTextFieldTests" */ = {
			isa = XCConfigurationList;
			buildConfigurations = (
				19938EE11D40907300C5AAB5 /* Debug */,
				19938EE21D40907300C5AAB5 /* Release */,
			);
			defaultConfigurationIsVisible = 0;
		};
		19938EE31D40907300C5AAB5 /* Build configuration list for PBXNativeTarget "sampleTextFieldUITests" */ = {
			isa = XCConfigurationList;
			buildConfigurations = (
				19938EE41D40907300C5AAB5 /* Debug */,
				19938EE51D40907300C5AAB5 /* Release */,
			);
			defaultConfigurationIsVisible = 0;
		};
/* End XCConfigurationList section */
	};
	rootObject = 19938EAD1D40907300C5AAB5 /* Project object */;
}
